
Microsoft Visual Studio Solution File, Format Version 12.00
# Visual Studio Version 16
VisualStudioVersion = 16.0.30114.105
MinimumVisualStudioVersion = 10.0.40219.1
Project("{2150E333-8FDC-42A3-9474-1A3956D46DE8}") = "src", "src", "{685A398B-EEF4-4A36-9230-167D4FD3BB55}"
EndProject
Project("{FAE04EC0-301F-11D3-BF4B-00C04F79EFBC}") = "Action.Services.Identity", "src\Action.Services.Identity\Action.Services.Identity.csproj", "{B8E6CE0E-AFD1-4542-B9B7-143F072E40F4}"
EndProject
Project("{FAE04EC0-301F-11D3-BF4B-00C04F79EFBC}") = "Action.Api", "src\Action.Api\Action.Api.csproj", "{EBC4F561-40FF-4CF2-BE78-0114FB4D36E6}"
EndProject
Project("{FAE04EC0-301F-11D3-BF4B-00C04F79EFBC}") = "Action.Common", "src\Action.Common\Action.Common.csproj", "{586A8BE1-81CC-4ACE-9015-BFE4674CAB65}"
EndProject
Project("{FAE04EC0-301F-11D3-BF4B-00C04F79EFBC}") = "Action.Services.Activities", "src\Action.Services.Activities\Action.Services.Activities.csproj", "{107CB973-FF41-462F-AD99-B8ECA0E1637C}"
EndProject
Global
	GlobalSection(SolutionConfigurationPlatforms) = preSolution
		Debug|Any CPU = Debug|Any CPU
		Debug|x64 = Debug|x64
		Debug|x86 = Debug|x86
		Release|Any CPU = Release|Any CPU
		Release|x64 = Release|x64
		Release|x86 = Release|x86
	EndGlobalSection
	GlobalSection(SolutionProperties) = preSolution
		HideSolutionNode = FALSE
	EndGlobalSection
	GlobalSection(ProjectConfigurationPlatforms) = postSolution
		{B8E6CE0E-AFD1-4542-B9B7-143F072E40F4}.Debug|Any CPU.ActiveCfg = Debug|Any CPU
		{B8E6CE0E-AFD1-4542-B9B7-143F072E40F4}.Debug|Any CPU.Build.0 = Debug|Any CPU
		{B8E6CE0E-AFD1-4542-B9B7-143F072E40F4}.Debug|x64.ActiveCfg = Debug|Any CPU
		{B8E6CE0E-AFD1-4542-B9B7-143F072E40F4}.Debug|x64.Build.0 = Debug|Any CPU
		{B8E6CE0E-AFD1-4542-B9B7-143F072E40F4}.Debug|x86.ActiveCfg = Debug|Any CPU
		{B8E6CE0E-AFD1-4542-B9B7-143F072E40F4}.Debug|x86.Build.0 = Debug|Any CPU
		{B8E6CE0E-AFD1-4542-B9B7-143F072E40F4}.Release|Any CPU.ActiveCfg = Release|Any CPU
		{B8E6CE0E-AFD1-4542-B9B7-143F072E40F4}.Release|Any CPU.Build.0 = Release|Any CPU
		{B8E6CE0E-AFD1-4542-B9B7-143F072E40F4}.Release|x64.ActiveCfg = Release|Any CPU
		{B8E6CE0E-AFD1-4542-B9B7-143F072E40F4}.Release|x64.Build.0 = Release|Any CPU
		{B8E6CE0E-AFD1-4542-B9B7-143F072E40F4}.Release|x86.ActiveCfg = Release|Any CPU
		{B8E6CE0E-AFD1-4542-B9B7-143F072E40F4}.Release|x86.Build.0 = Release|Any CPU
		{EBC4F561-40FF-4CF2-BE78-0114FB4D36E6}.Debug|Any CPU.ActiveCfg = Debug|Any CPU
		{EBC4F561-40FF-4CF2-BE78-0114FB4D36E6}.Debug|Any CPU.Build.0 = Debug|Any CPU
		{EBC4F561-40FF-4CF2-BE78-0114FB4D36E6}.Debug|x64.ActiveCfg = Debug|Any CPU
		{EBC4F561-40FF-4CF2-BE78-0114FB4D36E6}.Debug|x64.Build.0 = Debug|Any CPU
		{EBC4F561-40FF-4CF2-BE78-0114FB4D36E6}.Debug|x86.ActiveCfg = Debug|Any CPU
		{EBC4F561-40FF-4CF2-BE78-0114FB4D36E6}.Debug|x86.Build.0 = Debug|Any CPU
		{EBC4F561-40FF-4CF2-BE78-0114FB4D36E6}.Release|Any CPU.ActiveCfg = Release|Any CPU
		{EBC4F561-40FF-4CF2-BE78-0114FB4D36E6}.Release|Any CPU.Build.0 = Release|Any CPU
		{EBC4F561-40FF-4CF2-BE78-0114FB4D36E6}.Release|x64.ActiveCfg = Release|Any CPU
		{EBC4F561-40FF-4CF2-BE78-0114FB4D36E6}.Release|x64.Build.0 = Release|Any CPU
		{EBC4F561-40FF-4CF2-BE78-0114FB4D36E6}.Release|x86.ActiveCfg = Release|Any CPU
		{EBC4F561-40FF-4CF2-BE78-0114FB4D36E6}.Release|x86.Build.0 = Release|Any CPU
		{586A8BE1-81CC-4ACE-9015-BFE4674CAB65}.Debug|Any CPU.ActiveCfg = Debug|Any CPU
		{586A8BE1-81CC-4ACE-9015-BFE4674CAB65}.Debug|Any CPU.Build.0 = Debug|Any CPU
		{586A8BE1-81CC-4ACE-9015-BFE4674CAB65}.Debug|x64.ActiveCfg = Debug|Any CPU
		{586A8BE1-81CC-4ACE-9015-BFE4674CAB65}.Debug|x64.Build.0 = Debug|Any CPU
		{586A8BE1-81CC-4ACE-9015-BFE4674CAB65}.Debug|x86.ActiveCfg = Debug|Any CPU
		{586A8BE1-81CC-4ACE-9015-BFE4674CAB65}.Debug|x86.Build.0 = Debug|Any CPU
		{586A8BE1-81CC-4ACE-9015-BFE4674CAB65}.Release|Any CPU.ActiveCfg = Release|Any CPU
		{586A8BE1-81CC-4ACE-9015-BFE4674CAB65}.Release|Any CPU.Build.0 = Release|Any CPU
		{586A8BE1-81CC-4ACE-9015-BFE4674CAB65}.Release|x64.ActiveCfg = Release|Any CPU
		{586A8BE1-81CC-4ACE-9015-BFE4674CAB65}.Release|x64.Build.0 = Release|Any CPU
		{586A8BE1-81CC-4ACE-9015-BFE4674CAB65}.Release|x86.ActiveCfg = Release|Any CPU
		{586A8BE1-81CC-4ACE-9015-BFE4674CAB65}.Release|x86.Build.0 = Release|Any CPU
		{107CB973-FF41-462F-AD99-B8ECA0E1637C}.Debug|Any CPU.ActiveCfg = Debug|Any CPU
		{107CB973-FF41-462F-AD99-B8ECA0E1637C}.Debug|Any CPU.Build.0 = Debug|Any CPU
		{107CB973-FF41-462F-AD99-B8ECA0E1637C}.Debug|x64.ActiveCfg = Debug|Any CPU
		{107CB973-FF41-462F-AD99-B8ECA0E1637C}.Debug|x64.Build.0 = Debug|Any CPU
		{107CB973-FF41-462F-AD99-B8ECA0E1637C}.Debug|x86.ActiveCfg = Debug|Any CPU
		{107CB973-FF41-462F-AD99-B8ECA0E1637C}.Debug|x86.Build.0 = Debug|Any CPU
		{107CB973-FF41-462F-AD99-B8ECA0E1637C}.Release|Any CPU.ActiveCfg = Release|Any CPU
		{107CB973-FF41-462F-AD99-B8ECA0E1637C}.Release|Any CPU.Build.0 = Release|Any CPU
		{107CB973-FF41-462F-AD99-B8ECA0E1637C}.Release|x64.ActiveCfg = Release|Any CPU
		{107CB973-FF41-462F-AD99-B8ECA0E1637C}.Release|x64.Build.0 = Release|Any CPU
		{107CB973-FF41-462F-AD99-B8ECA0E1637C}.Release|x86.ActiveCfg = Release|Any CPU
		{107CB973-FF41-462F-AD99-B8ECA0E1637C}.Release|x86.Build.0 = Release|Any CPU
	EndGlobalSection
	GlobalSection(NestedProjects) = preSolution
		{B8E6CE0E-AFD1-4542-B9B7-143F072E40F4} = {685A398B-EEF4-4A36-9230-167D4FD3BB55}
		{EBC4F561-40FF-4CF2-BE78-0114FB4D36E6} = {685A398B-EEF4-4A36-9230-167D4FD3BB55}
		{586A8BE1-81CC-4ACE-9015-BFE4674CAB65} = {685A398B-EEF4-4A36-9230-167D4FD3BB55}
		{107CB973-FF41-462F-AD99-B8ECA0E1637C} = {685A398B-EEF4-4A36-9230-167D4FD3BB55}
	EndGlobalSection
EndGlobal
